
Microsoft Visual Studio Solution File, Format Version 12.00
# Visual Studio Version 17
VisualStudioVersion = 17.11.35327.3
MinimumVisualStudioVersion = 10.0.40219.1
Project("{FAE04EC0-301F-11D3-BF4B-00C04F79EFBC}") = "Zadatak_1_PiAA", "Zadatak_1_PiAA\Zadatak_1_PiAA.csproj", "{3E3F3060-A065-4958-ABE0-52C5DE24D11C}"
EndProject
Global
	GlobalSection(SolutionConfigurationPlatforms) = preSolution
		Debug|Any CPU = Debug|Any CPU
		Release|Any CPU = Release|Any CPU
	EndGlobalSection
	GlobalSection(ProjectConfigurationPlatforms) = postSolution
		{3E3F3060-A065-4958-ABE0-52C5DE24D11C}.Debug|Any CPU.ActiveCfg = Debug|Any CPU
		{3E3F3060-A065-4958-ABE0-52C5DE24D11C}.Debug|Any CPU.Build.0 = Debug|Any CPU
		{3E3F3060-A065-4958-ABE0-52C5DE24D11C}.Release|Any CPU.ActiveCfg = Release|Any CPU
		{3E3F3060-A065-4958-ABE0-52C5DE24D11C}.Release|Any CPU.Build.0 = Release|Any CPU
	EndGlobalSection
	GlobalSection(SolutionProperties) = preSolution
		HideSolutionNode = FALSE
	EndGlobalSection
	GlobalSection(ExtensibilityGlobals) = postSolution
		SolutionGuid = {8FBD7859-96DD-486D-828A-ED1B813CA757}
	EndGlobalSection
EndGlobal
