
Microsoft Visual Studio Solution File, Format Version 12.00
# Visual Studio Version 17
VisualStudioVersion = 17.9.34728.123
MinimumVisualStudioVersion = 10.0.40219.1
Project("{FAE04EC0-301F-11D3-BF4B-00C04F79EFBC}") = "19059Csharp", "19059Csharp\19059Csharp.csproj", "{4062209A-7CC3-42BC-BEA4-AE2D8769DD39}"
EndProject
Global
	GlobalSection(SolutionConfigurationPlatforms) = preSolution
		Debug|Any CPU = Debug|Any CPU
		Release|Any CPU = Release|Any CPU
	EndGlobalSection
	GlobalSection(ProjectConfigurationPlatforms) = postSolution
		{4062209A-7CC3-42BC-BEA4-AE2D8769DD39}.Debug|Any CPU.ActiveCfg = Debug|Any CPU
		{4062209A-7CC3-42BC-BEA4-AE2D8769DD39}.Debug|Any CPU.Build.0 = Debug|Any CPU
		{4062209A-7CC3-42BC-BEA4-AE2D8769DD39}.Release|Any CPU.ActiveCfg = Release|Any CPU
		{4062209A-7CC3-42BC-BEA4-AE2D8769DD39}.Release|Any CPU.Build.0 = Release|Any CPU
	EndGlobalSection
	GlobalSection(SolutionProperties) = preSolution
		HideSolutionNode = FALSE
	EndGlobalSection
	GlobalSection(ExtensibilityGlobals) = postSolution
		SolutionGuid = {C5AA8DC3-49F7-41F6-AE73-C2D6D5ACB319}
	EndGlobalSection
EndGlobal
